
Microsoft Visual Studio Solution File, Format Version 12.00
# Visual Studio Version 17
VisualStudioVersion = 17.11.35312.102
MinimumVisualStudioVersion = 10.0.40219.1
Project("{9A19103F-16F7-4668-BE54-9A1E7A4F7556}") = "TheBereftSouls", "TheBereftSouls.csproj", "{1B32145C-4135-41ED-BB01-1FB9D6C30E01}"
EndProject
Global
	GlobalSection(SolutionConfigurationPlatforms) = preSolution
		Debug|Any CPU = Debug|Any CPU
		Release|Any CPU = Release|Any CPU
	EndGlobalSection
	GlobalSection(ProjectConfigurationPlatforms) = postSolution
		{1B32145C-4135-41ED-BB01-1FB9D6C30E01}.Debug|Any CPU.ActiveCfg = Debug|Any CPU
		{1B32145C-4135-41ED-BB01-1FB9D6C30E01}.Debug|Any CPU.Build.0 = Debug|Any CPU
		{1B32145C-4135-41ED-BB01-1FB9D6C30E01}.Release|Any CPU.ActiveCfg = Release|Any CPU
		{1B32145C-4135-41ED-BB01-1FB9D6C30E01}.Release|Any CPU.Build.0 = Release|Any CPU
	EndGlobalSection
	GlobalSection(SolutionProperties) = preSolution
		HideSolutionNode = FALSE
	EndGlobalSection
	GlobalSection(ExtensibilityGlobals) = postSolution
		SolutionGuid = {BCB0D2EB-5507-4D8B-A34C-81070D17E31B}
	EndGlobalSection
EndGlobal
