
Microsoft Visual Studio Solution File, Format Version 12.00
# Visual Studio Version 17
VisualStudioVersion = 17.9.34728.123
MinimumVisualStudioVersion = 10.0.40219.1
Project("{9A19103F-16F7-4668-BE54-9A1E7A4F7556}") = "TheBereftSouls", "TheBereftSouls.csproj", "{05460D10-F1AB-4711-A806-E9C68C32C30F}"
EndProject
Global
	GlobalSection(SolutionConfigurationPlatforms) = preSolution
		Debug|Any CPU = Debug|Any CPU
		Release|Any CPU = Release|Any CPU
	EndGlobalSection
	GlobalSection(ProjectConfigurationPlatforms) = postSolution
		{05460D10-F1AB-4711-A806-E9C68C32C30F}.Debug|Any CPU.ActiveCfg = Debug|Any CPU
		{05460D10-F1AB-4711-A806-E9C68C32C30F}.Debug|Any CPU.Build.0 = Debug|Any CPU
		{05460D10-F1AB-4711-A806-E9C68C32C30F}.Release|Any CPU.ActiveCfg = Release|Any CPU
		{05460D10-F1AB-4711-A806-E9C68C32C30F}.Release|Any CPU.Build.0 = Release|Any CPU
	EndGlobalSection
	GlobalSection(SolutionProperties) = preSolution
		HideSolutionNode = FALSE
	EndGlobalSection
	GlobalSection(ExtensibilityGlobals) = postSolution
		SolutionGuid = {84307E77-128F-45BB-832E-835AD753B70B}
	EndGlobalSection
EndGlobal
