
Microsoft Visual Studio Solution File, Format Version 12.00
# Visual Studio Version 17
VisualStudioVersion = 17.11.35327.3
MinimumVisualStudioVersion = 10.0.40219.1
Project("{9A19103F-16F7-4668-BE54-9A1E7A4F7556}") = "TheBereftSouls", "TheBereftSouls.csproj", "{5AD90B4D-1815-410D-A0AB-77FB839397C1}"
EndProject
Global
	GlobalSection(SolutionConfigurationPlatforms) = preSolution
		Debug|Any CPU = Debug|Any CPU
		Release|Any CPU = Release|Any CPU
	EndGlobalSection
	GlobalSection(ProjectConfigurationPlatforms) = postSolution
		{5AD90B4D-1815-410D-A0AB-77FB839397C1}.Debug|Any CPU.ActiveCfg = Debug|Any CPU
		{5AD90B4D-1815-410D-A0AB-77FB839397C1}.Debug|Any CPU.Build.0 = Debug|Any CPU
		{5AD90B4D-1815-410D-A0AB-77FB839397C1}.Release|Any CPU.ActiveCfg = Release|Any CPU
		{5AD90B4D-1815-410D-A0AB-77FB839397C1}.Release|Any CPU.Build.0 = Release|Any CPU
	EndGlobalSection
	GlobalSection(SolutionProperties) = preSolution
		HideSolutionNode = FALSE
	EndGlobalSection
	GlobalSection(ExtensibilityGlobals) = postSolution
		SolutionGuid = {D5725869-0CAA-4462-AB4E-02E763439F33}
	EndGlobalSection
EndGlobal
